# This file was autogenerated by uv via the following command:
#    uv pip compile runtime/pyproject.toml --universal --python-version 3.12 -o runtime/requirements.lock
backoff==2.2.1
    # via posthog
beautifulsoup4==4.15.0
    # via markdownify
boto3==1.35.92
    # via rootcause-runtime (runtime/pyproject.toml)
botocore==1.35.99
    # via
    #   boto3
    #   s3transfer
certifi==2026.6.17
    # via requests
charset-normalizer==3.4.7
    # via requests
distro==1.9.0
    # via posthog
idna==3.18
    # via requests
jmespath==1.1.0
    # via
    #   boto3
    #   botocore
markdownify==1.2.2
    # via rootcause-runtime (runtime/pyproject.toml)
posthog==7.19.2
    # via rootcause-runtime (runtime/pyproject.toml)
psycopg==3.2.3
    # via rootcause-runtime (runtime/pyproject.toml)
psycopg-binary==3.2.3 ; implementation_name != 'pypy'
    # via psycopg
python-dateutil==2.9.0.post0
    # via botocore
pyyaml==6.0.3
    # via rootcause-runtime (runtime/pyproject.toml)
requests==2.32.3
    # via
    #   rootcause-runtime (runtime/pyproject.toml)
    #   posthog
    #   stripe
s3transfer==0.10.4
    # via boto3
six==1.17.0
    # via
    #   markdownify
    #   python-dateutil
soupsieve==2.8.4
    # via beautifulsoup4
stripe==11.4.1
    # via rootcause-runtime (runtime/pyproject.toml)
typing-extensions==4.15.0
    # via
    #   beautifulsoup4
    #   posthog
    #   psycopg
    #   stripe
tzdata==2026.2 ; sys_platform == 'win32'
    # via psycopg
urllib3==2.7.0
    # via
    #   botocore
    #   requests
